
Microsoft Visual Studio Solution File, Format Version 12.00
# Visual Studio Version 16
VisualStudioVersion = 16.0.28803.352
MinimumVisualStudioVersion = 10.0.40219.1
Project("{FAE04EC0-301F-11D3-BF4B-00C04F79EFBC}") = "memory", "memory\memory.csproj", "{EDD46900-4C80-4483-A021-F4CF8CCB9332}"
EndProject
Global
	GlobalSection(SolutionConfigurationPlatforms) = preSolution
		Debug|Any CPU = Debug|Any CPU
		Release|Any CPU = Release|Any CPU
	EndGlobalSection
	GlobalSection(ProjectConfigurationPlatforms) = postSolution
		{EDD46900-4C80-4483-A021-F4CF8CCB9332}.Debug|Any CPU.ActiveCfg = Debug|Any CPU
		{EDD46900-4C80-4483-A021-F4CF8CCB9332}.Debug|Any CPU.Build.0 = Debug|Any CPU
		{EDD46900-4C80-4483-A021-F4CF8CCB9332}.Release|Any CPU.ActiveCfg = Release|Any CPU
		{EDD46900-4C80-4483-A021-F4CF8CCB9332}.Release|Any CPU.Build.0 = Release|Any CPU
	EndGlobalSection
	GlobalSection(SolutionProperties) = preSolution
		HideSolutionNode = FALSE
	EndGlobalSection
	GlobalSection(ExtensibilityGlobals) = postSolution
		SolutionGuid = {8CAEBD9A-4332-4F8C-B886-53B698B99533}
	EndGlobalSection
EndGlobal
